
Microsoft Visual Studio Solution File, Format Version 12.00
# Visual Studio 2012
Project("{FAE04EC0-301F-11D3-BF4B-00C04F79EFBC}") = "Application", "Application\Application.csproj", "{C7CC679B-0AEB-4A9E-99D5-7A2F6B9C9D73}"
EndProject
Project("{2150E333-8FDC-42A3-9474-1A3956D46DE8}") = "Controls", "Controls", "{07784B71-83BF-4354-ABEE-C460E2FF781A}"
EndProject
Project("{FAE04EC0-301F-11D3-BF4B-00C04F79EFBC}") = "Controls", "Controls\Controls.csproj", "{FE7ADE96-DA2E-4EB6-9D8B-5C9EB480D188}"
EndProject
Global
	GlobalSection(SolutionConfigurationPlatforms) = preSolution
		Debug|Any CPU = Debug|Any CPU
		Release|Any CPU = Release|Any CPU
	EndGlobalSection
	GlobalSection(ProjectConfigurationPlatforms) = postSolution
		{C7CC679B-0AEB-4A9E-99D5-7A2F6B9C9D73}.Debug|Any CPU.ActiveCfg = Debug|Any CPU
		{C7CC679B-0AEB-4A9E-99D5-7A2F6B9C9D73}.Debug|Any CPU.Build.0 = Debug|Any CPU
		{C7CC679B-0AEB-4A9E-99D5-7A2F6B9C9D73}.Release|Any CPU.ActiveCfg = Release|Any CPU
		{C7CC679B-0AEB-4A9E-99D5-7A2F6B9C9D73}.Release|Any CPU.Build.0 = Release|Any CPU
		{FE7ADE96-DA2E-4EB6-9D8B-5C9EB480D188}.Debug|Any CPU.ActiveCfg = Debug|Any CPU
		{FE7ADE96-DA2E-4EB6-9D8B-5C9EB480D188}.Debug|Any CPU.Build.0 = Debug|Any CPU
		{FE7ADE96-DA2E-4EB6-9D8B-5C9EB480D188}.Release|Any CPU.ActiveCfg = Release|Any CPU
		{FE7ADE96-DA2E-4EB6-9D8B-5C9EB480D188}.Release|Any CPU.Build.0 = Release|Any CPU
	EndGlobalSection
	GlobalSection(SolutionProperties) = preSolution
		HideSolutionNode = FALSE
	EndGlobalSection
	GlobalSection(NestedProjects) = preSolution
		{FE7ADE96-DA2E-4EB6-9D8B-5C9EB480D188} = {07784B71-83BF-4354-ABEE-C460E2FF781A}
	EndGlobalSection
EndGlobal
